
Microsoft Visual Studio Solution File, Format Version 9.00
# Visual Studio 2005
Project("{8BC9CEB8-8B4A-11D0-8D11-00A0C91BC942}") = "IP识别", "IP识别\IP识别.vcproj", "{3A92732B-707B-4C90-90EF-E46DF220CE1C}"
EndProject
Global
	GlobalSection(SolutionConfigurationPlatforms) = preSolution
		Debug|Win32 = Debug|Win32
		Release|Win32 = Release|Win32
	EndGlobalSection
	GlobalSection(ProjectConfigurationPlatforms) = postSolution
		{3A92732B-707B-4C90-90EF-E46DF220CE1C}.Debug|Win32.ActiveCfg = Debug|Win32
		{3A92732B-707B-4C90-90EF-E46DF220CE1C}.Debug|Win32.Build.0 = Debug|Win32
		{3A92732B-707B-4C90-90EF-E46DF220CE1C}.Release|Win32.ActiveCfg = Release|Win32
		{3A92732B-707B-4C90-90EF-E46DF220CE1C}.Release|Win32.Build.0 = Release|Win32
	EndGlobalSection
	GlobalSection(SolutionProperties) = preSolution
		HideSolutionNode = FALSE
	EndGlobalSection
EndGlobal
