
Microsoft Visual Studio Solution File, Format Version 9.00
# Visual Studio 2005
Project("{8BC9CEB8-8B4A-11D0-8D11-00A0C91BC942}") = "找两个字符串中的相同最长子串", "找两个字符串中的相同最长子串\找两个字符串中的相同最长子串.vcproj", "{13B46B4C-61F4-4EEB-B63B-DED8B8B1908D}"
EndProject
Global
	GlobalSection(SolutionConfigurationPlatforms) = preSolution
		Debug|Win32 = Debug|Win32
		Release|Win32 = Release|Win32
	EndGlobalSection
	GlobalSection(ProjectConfigurationPlatforms) = postSolution
		{13B46B4C-61F4-4EEB-B63B-DED8B8B1908D}.Debug|Win32.ActiveCfg = Debug|Win32
		{13B46B4C-61F4-4EEB-B63B-DED8B8B1908D}.Debug|Win32.Build.0 = Debug|Win32
		{13B46B4C-61F4-4EEB-B63B-DED8B8B1908D}.Release|Win32.ActiveCfg = Release|Win32
		{13B46B4C-61F4-4EEB-B63B-DED8B8B1908D}.Release|Win32.Build.0 = Release|Win32
	EndGlobalSection
	GlobalSection(SolutionProperties) = preSolution
		HideSolutionNode = FALSE
	EndGlobalSection
EndGlobal
