
Microsoft Visual Studio Solution File, Format Version 9.00
# Visual Studio 2005
Project("{8BC9CEB8-8B4A-11D0-8D11-00A0C91BC942}") = "动态规划", "动态规划\动态规划.vcproj", "{7C1702B5-D45F-4843-8AC3-38FC405AED6A}"
EndProject
Global
	GlobalSection(SolutionConfigurationPlatforms) = preSolution
		Debug|Win32 = Debug|Win32
		Release|Win32 = Release|Win32
	EndGlobalSection
	GlobalSection(ProjectConfigurationPlatforms) = postSolution
		{7C1702B5-D45F-4843-8AC3-38FC405AED6A}.Debug|Win32.ActiveCfg = Debug|Win32
		{7C1702B5-D45F-4843-8AC3-38FC405AED6A}.Debug|Win32.Build.0 = Debug|Win32
		{7C1702B5-D45F-4843-8AC3-38FC405AED6A}.Release|Win32.ActiveCfg = Release|Win32
		{7C1702B5-D45F-4843-8AC3-38FC405AED6A}.Release|Win32.Build.0 = Release|Win32
	EndGlobalSection
	GlobalSection(SolutionProperties) = preSolution
		HideSolutionNode = FALSE
	EndGlobalSection
EndGlobal
