
Microsoft Visual Studio Solution File, Format Version 9.00
# Visual Studio 2005
Project("{8BC9CEB8-8B4A-11D0-8D11-00A0C91BC942}") = "合并表记录", "合并表记录\合并表记录.vcproj", "{015F9D34-1160-498E-A807-AA79712B2C54}"
EndProject
Global
	GlobalSection(SolutionConfigurationPlatforms) = preSolution
		Debug|Win32 = Debug|Win32
		Release|Win32 = Release|Win32
	EndGlobalSection
	GlobalSection(ProjectConfigurationPlatforms) = postSolution
		{015F9D34-1160-498E-A807-AA79712B2C54}.Debug|Win32.ActiveCfg = Debug|Win32
		{015F9D34-1160-498E-A807-AA79712B2C54}.Debug|Win32.Build.0 = Debug|Win32
		{015F9D34-1160-498E-A807-AA79712B2C54}.Release|Win32.ActiveCfg = Release|Win32
		{015F9D34-1160-498E-A807-AA79712B2C54}.Release|Win32.Build.0 = Release|Win32
	EndGlobalSection
	GlobalSection(SolutionProperties) = preSolution
		HideSolutionNode = FALSE
	EndGlobalSection
EndGlobal
