
Microsoft Visual Studio Solution File, Format Version 9.00
# Visual Studio 2005
Project("{8BC9CEB8-8B4A-11D0-8D11-00A0C91BC942}") = "10进制转换12进制", "10进制转换12进制\10进制转换12进制.vcproj", "{CCC67709-4770-4DFF-9335-E57F4022BEEF}"
EndProject
Global
	GlobalSection(SolutionConfigurationPlatforms) = preSolution
		Debug|Win32 = Debug|Win32
		Release|Win32 = Release|Win32
	EndGlobalSection
	GlobalSection(ProjectConfigurationPlatforms) = postSolution
		{CCC67709-4770-4DFF-9335-E57F4022BEEF}.Debug|Win32.ActiveCfg = Debug|Win32
		{CCC67709-4770-4DFF-9335-E57F4022BEEF}.Debug|Win32.Build.0 = Debug|Win32
		{CCC67709-4770-4DFF-9335-E57F4022BEEF}.Release|Win32.ActiveCfg = Release|Win32
		{CCC67709-4770-4DFF-9335-E57F4022BEEF}.Release|Win32.Build.0 = Release|Win32
	EndGlobalSection
	GlobalSection(SolutionProperties) = preSolution
		HideSolutionNode = FALSE
	EndGlobalSection
EndGlobal
