
Microsoft Visual Studio Solution File, Format Version 9.00
# Visual Studio 2005
Project("{8BC9CEB8-8B4A-11D0-8D11-00A0C91BC942}") = "斐波那契数列", "斐波那契数列\斐波那契数列.vcproj", "{45270E5B-D47C-4CD1-B2A6-479AC5C80FAE}"
EndProject
Global
	GlobalSection(SolutionConfigurationPlatforms) = preSolution
		Debug|Win32 = Debug|Win32
		Release|Win32 = Release|Win32
	EndGlobalSection
	GlobalSection(ProjectConfigurationPlatforms) = postSolution
		{45270E5B-D47C-4CD1-B2A6-479AC5C80FAE}.Debug|Win32.ActiveCfg = Debug|Win32
		{45270E5B-D47C-4CD1-B2A6-479AC5C80FAE}.Debug|Win32.Build.0 = Debug|Win32
		{45270E5B-D47C-4CD1-B2A6-479AC5C80FAE}.Release|Win32.ActiveCfg = Release|Win32
		{45270E5B-D47C-4CD1-B2A6-479AC5C80FAE}.Release|Win32.Build.0 = Release|Win32
	EndGlobalSection
	GlobalSection(SolutionProperties) = preSolution
		HideSolutionNode = FALSE
	EndGlobalSection
EndGlobal
