
Microsoft Visual Studio Solution File, Format Version 9.00
# Visual Studio 2005
Project("{8BC9CEB8-8B4A-11D0-8D11-00A0C91BC942}") = "BCD编码", "BCD编码\BCD编码.vcproj", "{70431370-3538-4DB9-B986-618656867D4F}"
EndProject
Global
	GlobalSection(SolutionConfigurationPlatforms) = preSolution
		Debug|Win32 = Debug|Win32
		Release|Win32 = Release|Win32
	EndGlobalSection
	GlobalSection(ProjectConfigurationPlatforms) = postSolution
		{70431370-3538-4DB9-B986-618656867D4F}.Debug|Win32.ActiveCfg = Debug|Win32
		{70431370-3538-4DB9-B986-618656867D4F}.Debug|Win32.Build.0 = Debug|Win32
		{70431370-3538-4DB9-B986-618656867D4F}.Release|Win32.ActiveCfg = Release|Win32
		{70431370-3538-4DB9-B986-618656867D4F}.Release|Win32.Build.0 = Release|Win32
	EndGlobalSection
	GlobalSection(SolutionProperties) = preSolution
		HideSolutionNode = FALSE
	EndGlobalSection
EndGlobal
