
Microsoft Visual Studio Solution File, Format Version 9.00
# Visual Studio 2005
Project("{8BC9CEB8-8B4A-11D0-8D11-00A0C91BC942}") = "输入一个正整数 顺序输出它的所有质数的因子", "输入一个正整数 顺序输出它的所有质数的因子\输入一个正整数 顺序输出它的所有质数的因子.vcproj", "{633AA4CC-FA31-465F-9674-4F60D934A333}"
EndProject
Global
	GlobalSection(SolutionConfigurationPlatforms) = preSolution
		Debug|Win32 = Debug|Win32
		Release|Win32 = Release|Win32
	EndGlobalSection
	GlobalSection(ProjectConfigurationPlatforms) = postSolution
		{633AA4CC-FA31-465F-9674-4F60D934A333}.Debug|Win32.ActiveCfg = Debug|Win32
		{633AA4CC-FA31-465F-9674-4F60D934A333}.Debug|Win32.Build.0 = Debug|Win32
		{633AA4CC-FA31-465F-9674-4F60D934A333}.Release|Win32.ActiveCfg = Release|Win32
		{633AA4CC-FA31-465F-9674-4F60D934A333}.Release|Win32.Build.0 = Release|Win32
	EndGlobalSection
	GlobalSection(SolutionProperties) = preSolution
		HideSolutionNode = FALSE
	EndGlobalSection
EndGlobal
