
Microsoft Visual Studio Solution File, Format Version 9.00
# Visual Studio 2005
Project("{8BC9CEB8-8B4A-11D0-8D11-00A0C91BC942}") = "华为机试3", "华为机试3\华为机试3.vcproj", "{F08AA5E4-6854-40B2-B09D-0EEEAA186C12}"
EndProject
Global
	GlobalSection(SolutionConfigurationPlatforms) = preSolution
		Debug|Win32 = Debug|Win32
		Release|Win32 = Release|Win32
	EndGlobalSection
	GlobalSection(ProjectConfigurationPlatforms) = postSolution
		{F08AA5E4-6854-40B2-B09D-0EEEAA186C12}.Debug|Win32.ActiveCfg = Debug|Win32
		{F08AA5E4-6854-40B2-B09D-0EEEAA186C12}.Debug|Win32.Build.0 = Debug|Win32
		{F08AA5E4-6854-40B2-B09D-0EEEAA186C12}.Release|Win32.ActiveCfg = Release|Win32
		{F08AA5E4-6854-40B2-B09D-0EEEAA186C12}.Release|Win32.Build.0 = Release|Win32
	EndGlobalSection
	GlobalSection(SolutionProperties) = preSolution
		HideSolutionNode = FALSE
	EndGlobalSection
EndGlobal
